{
    "_meta": {
        "hash": {
            "sha256": "20df479bc1ac3f8d5663860c715e89aada08a14087a65fec8850077d788aa58b"
        },
        "pipfile-spec": 6,
        "requires": {
            "python_version": "3.8"
        },
        "sources": [
            {
                "name": "pypi",
                "url": "https://pypi.python.org/simple",
                "verify_ssl": true
            }
        ]
    },
    "default": {
        "asgiref": {
            "hashes": [
                "sha256:8036f90603c54e93521e5777b2b9a39ba1bad05773fcf2d208f0299d1df58ce5",
                "sha256:9ca8b952a0a9afa61d30aa6d3d9b570bb3fd6bafcf7ec9e6bed43b936133db1c"
            ],
            "version": "==3.2.7"
        },
        "django": {
            "hashes": [
                "sha256:642d8eceab321ca743ae71e0f985ff8fdca59f07aab3a9fb362c617d23e33a76",
                "sha256:d4666c2edefa38c5ede0ec1655424c56dc47ceb04b6d8d62a7eac09db89545c1"
            ],
            "index": "pypi",
            "version": "==3.0.5"
        },
        "django-environ": {
            "hashes": [
                "sha256:6c9d87660142608f63ec7d5ce5564c49b603ea8ff25da595fd6098f6dc82afde",
                "sha256:c57b3c11ec1f319d9474e3e5a79134f40174b17c7cc024bbb2fad84646b120c4"
            ],
            "index": "pypi",
            "version": "==0.4.5"
        },
        "django-templated-mail": {
            "hashes": [
                "sha256:8db807effebb42a532622e2d142dfd453dafcd0d7794c4c3332acb90656315f9",
                "sha256:f7127e1e31d7cad4e6c4b4801d25814d4b8782627ead76f4a75b3b7650687556"
            ],
            "version": "==1.1.1"
        },
        "djangorestframework": {
            "hashes": [
                "sha256:05809fc66e1c997fd9a32ea5730d9f4ba28b109b9da71fccfa5ff241201fd0a4",
                "sha256:e782087823c47a26826ee5b6fa0c542968219263fb3976ec3c31edab23a4001f"
            ],
            "index": "pypi",
            "version": "==3.11.0"
        },
        "djoser": {
            "hashes": [
                "sha256:36e06fdfc429a3aa8647289ee0e50806114d89f781de9245a68c6a44575d1bdd",
                "sha256:e08570cc691caab6bf708e884b98fe3aeda61d5f84eca2d5781dfd9601ee04cf"
            ],
            "index": "pypi",
            "version": "==2.0.3"
        },
        "h11": {
            "hashes": [
                "sha256:33d4bca7be0fa039f4e84d50ab00531047e53d6ee8ffbc83501ea602c169cae1",
                "sha256:4bc6d6a1238b7615b266ada57e0618568066f57dd6fa967d1290ec9309b2f2f1"
            ],
            "version": "==0.9.0"
        },
        "h2": {
            "hashes": [
                "sha256:61e0f6601fa709f35cdb730863b4e5ec7ad449792add80d1410d4174ed139af5",
                "sha256:875f41ebd6f2c44781259005b157faed1a5031df3ae5aa7bcb4628a6c0782f14"
            ],
            "version": "==3.2.0"
        },
        "hpack": {
            "hashes": [
                "sha256:0edd79eda27a53ba5be2dfabf3b15780928a0dff6eb0c60a3d6767720e970c89",
                "sha256:8eec9c1f4bfae3408a3f30500261f7e6a65912dc138526ea054f9ad98892e9d2"
            ],
            "version": "==3.0.0"
        },
        "hypercorn": {
            "hashes": [
                "sha256:35bec0a3b07ec1f77b712763e8ecf307814b17a67607600bbf5d44174b8d9aaa",
                "sha256:940cc9492a24413937bfa910a1580bbff69db51c5bf771e722b89848a54c5786"
            ],
            "index": "pypi",
            "version": "==0.9.4"
        },
        "hyperframe": {
            "hashes": [
                "sha256:5187962cb16dcc078f23cb5a4b110098d546c3f41ff2d4038a9896893bbd0b40",
                "sha256:a9f5c17f2cc3c719b917c4f33ed1c61bd1f8dfac4b1bd23b7c80b3400971b41f"
            ],
            "version": "==5.2.0"
        },
        "priority": {
            "hashes": [
                "sha256:6bc1961a6d7fcacbfc337769f1a382c8e746566aaa365e78047abe9f66b2ffbe",
                "sha256:be4fcb94b5e37cdeb40af5533afe6dd603bd665fe9c8b3052610fc1001d5d1eb"
            ],
            "version": "==1.3.0"
        },
        "psycopg2": {
            "hashes": [
                "sha256:4212ca404c4445dc5746c0d68db27d2cbfb87b523fe233dc84ecd24062e35677",
                "sha256:47fc642bf6f427805daf52d6e52619fe0637648fe27017062d898f3bf891419d",
                "sha256:72772181d9bad1fa349792a1e7384dde56742c14af2b9986013eb94a240f005b",
                "sha256:8396be6e5ff844282d4d49b81631772f80dabae5658d432202faf101f5283b7c",
                "sha256:893c11064b347b24ecdd277a094413e1954f8a4e8cdaf7ffbe7ca3db87c103f0",
                "sha256:92a07dfd4d7c325dd177548c4134052d4842222833576c8391aab6f74038fc3f",
                "sha256:965c4c93e33e6984d8031f74e51227bd755376a9df6993774fd5b6fb3288b1f4",
                "sha256:9ab75e0b2820880ae24b7136c4d230383e07db014456a476d096591172569c38",
                "sha256:b0845e3bdd4aa18dc2f9b6fb78fbd3d9d371ad167fd6d1b7ad01c0a6cdad4fc6",
                "sha256:dca2d7203f0dfce8ea4b3efd668f8ea65cd2b35112638e488a4c12594015f67b",
                "sha256:ed686e5926929887e2c7ae0a700e32c6129abb798b4ad2b846e933de21508151",
                "sha256:ef6df7e14698e79c59c7ee7cf94cd62e5b869db369ed4b1b8f7b729ea825712a",
                "sha256:f898e5cc0a662a9e12bde6f931263a1bbd350cfb18e1d5336a12927851825bb6"
            ],
            "index": "pypi",
            "version": "==2.8.4"
        },
        "pytz": {
            "hashes": [
                "sha256:1c557d7d0e871de1f5ccd5833f60fb2550652da6be2693c1e02300743d21500d",
                "sha256:b02c06db6cf09c12dd25137e563b31700d3b80fcc4ad23abb7a315f2789819be"
            ],
            "version": "==2019.3"
        },
        "pyyaml": {
            "hashes": [
                "sha256:06a0d7ba600ce0b2d2fe2e78453a470b5a6e000a985dd4a4e54e436cc36b0e97",
                "sha256:240097ff019d7c70a4922b6869d8a86407758333f02203e0fc6ff79c5dcede76",
                "sha256:4f4b913ca1a7319b33cfb1369e91e50354d6f07a135f3b901aca02aa95940bd2",
                "sha256:69f00dca373f240f842b2931fb2c7e14ddbacd1397d57157a9b005a6a9942648",
                "sha256:73f099454b799e05e5ab51423c7bcf361c58d3206fa7b0d555426b1f4d9a3eaf",
                "sha256:74809a57b329d6cc0fdccee6318f44b9b8649961fa73144a98735b0aaf029f1f",
                "sha256:7739fc0fa8205b3ee8808aea45e968bc90082c10aef6ea95e855e10abf4a37b2",
                "sha256:95f71d2af0ff4227885f7a6605c37fd53d3a106fcab511b8860ecca9fcf400ee",
                "sha256:b8eac752c5e14d3eca0e6dd9199cd627518cb5ec06add0de9d32baeee6fe645d",
                "sha256:cc8955cfbfc7a115fa81d85284ee61147059a753344bc51098f3ccd69b0d7e0c",
                "sha256:d13155f591e6fcc1ec3b30685d50bf0711574e2c0dfffd7644babf8b5102ca1a"
            ],
            "index": "pypi",
            "version": "==5.3.1"
        },
        "sqlparse": {
            "hashes": [
                "sha256:022fb9c87b524d1f7862b3037e541f68597a730a8843245c349fc93e1643dc4e",
                "sha256:e162203737712307dfe78860cc56c8da8a852ab2ee33750e33aeadf38d12c548"
            ],
            "version": "==0.3.1"
        },
        "toml": {
            "hashes": [
                "sha256:229f81c57791a41d65e399fc06bf0848bab550a9dfd5ed66df18ce5f05e73d5c",
                "sha256:235682dd292d5899d361a811df37e04a8828a5b1da3115886b73cf81ebc9100e",
                "sha256:f1db651f9657708513243e61e6cc67d101a39bad662eaa9b5546f789338e07a3"
            ],
            "version": "==0.10.0"
        },
        "typing-extensions": {
            "hashes": [
                "sha256:6e95524d8a547a91e08f404ae485bbb71962de46967e1b71a0cb89af24e761c5",
                "sha256:79ee589a3caca649a9bfd2a8de4709837400dfa00b6cc81962a1e6a1815969ae",
                "sha256:f8d2bd89d25bc39dabe7d23df520442fa1d8969b82544370e03d88b5a591c392"
            ],
            "version": "==3.7.4.2"
        },
        "uritemplate": {
            "hashes": [
                "sha256:07620c3f3f8eed1f12600845892b0e036a2420acf513c53f7de0abd911a5894f",
                "sha256:5af8ad10cec94f215e3f48112de2022e1d5a37ed427fbd88652fa908f2ab7cae"
            ],
            "index": "pypi",
            "version": "==3.0.1"
        },
        "wsproto": {
            "hashes": [
                "sha256:614798c30e5dc2b3f65acc03d2d50842b97621487350ce79a80a711229edfa9d",
                "sha256:e3d190a11d9307112ba23bbe60055604949b172143969c8f641318476a9b6f1d"
            ],
            "version": "==0.15.0"
        }
    },
    "develop": {
        "autopep8": {
            "hashes": [
                "sha256:cc6be1dfd46f2c7fa00e84a357f1a269683985b09eaffb47654ed551194399eb"
            ],
            "index": "pypi",
            "version": "==1.5.1"
        },
        "entrypoints": {
            "hashes": [
                "sha256:589f874b313739ad35be6e0cd7efde2a4e9b6fea91edcc34e58ecbb8dbe56d19",
                "sha256:c70dd71abe5a8c85e55e12c19bd91ccfeec11a6e99044204511f9ed547d48451"
            ],
            "version": "==0.3"
        },
        "flake8": {
            "hashes": [
                "sha256:45681a117ecc81e870cbf1262835ae4af5e7a8b08e40b944a8a6e6b895914cfb",
                "sha256:49356e766643ad15072a789a20915d3c91dc89fd313ccd71802303fd67e4deca"
            ],
            "index": "pypi",
            "version": "==3.7.9"
        },
        "mccabe": {
            "hashes": [
                "sha256:ab8a6258860da4b6677da4bd2fe5dc2c659cff31b3ee4f7f5d64e79735b80d42",
                "sha256:dd8d182285a0fe56bace7f45b5e7d1a6ebcbf524e8f3bd87eb0f125271b8831f"
            ],
            "version": "==0.6.1"
        },
        "ptvsd": {
            "hashes": [
                "sha256:10745fbb788001959b4de405198d8bd5243611a88fb5a2e2c6800245bc0ddd74",
                "sha256:1d3d82ecc82186d099992a748556e6e54037f5c5e4d3fc9bba3e2302354be0d4",
                "sha256:20f48ffed42a6beb879c250d82662e175ad59cc46a29c95c6a4472ae413199c5",
                "sha256:22b699369a18ff28d4d1aa6a452739e50c7b7790cb16c6312d766e023c12fe27",
                "sha256:2bbc121bce3608501998afbe742f02b80e7d26b8fecd38f78b903f22f52a81d9",
                "sha256:3b05c06018fdbce5943c50fb0baac695b5c11326f9e21a5266c854306bda28ab",
                "sha256:3f839fe91d9ddca0d6a3a0afd6a1c824be1768498a737ab9333d084c5c3f3591",
                "sha256:459137736068bb02515040b2ed2738169cb30d69a38e0fd5dffcba255f41e68d",
                "sha256:58508485a1609a495dd45829bd6d219303cf9edef5ca1f01a9ed8ffaa87f390c",
                "sha256:612948a045fcf9c8931cd306972902440278f34de7ca684b49d4caeec9f1ec62",
                "sha256:70260b4591c07bff95566d49b6a5dc3051d8558035c43c847bad9a954def46bb",
                "sha256:72d114baa5737baf29c8068d1ccdd93cbb332d2030601c888eed0e3761b588d7",
                "sha256:90cbd082e7a9089664888d0d94aca760202f080133fca8f3fe65c48ed6b9e39d",
                "sha256:92d26aa7c8f7ffe41cb4b50a00846027027fa17acdf2d9dd8c24de77b25166c6",
                "sha256:b9970e3dc987eb2a6001af6c9d2f726dd6455cfc6d47e0f51925cbdee7ea2157",
                "sha256:c01204e3f025c3f7252c79c1a8a028246d29e3ef339e1a01ddf652999f47bdea",
                "sha256:c893fb9d1c2ef8f980cc00ced3fd90356f86d9f59b58ee97e0e7e622b8860f76",
                "sha256:c97c71835dde7e67fc7b06398bee1c012559a0784ebda9cf8acaf176c7ae766c",
                "sha256:ccc5c533135305709461f545feed5061c608714db38fa0f58e3f848a127b7fde",
                "sha256:cf09fd4d90c4c42ddd9bf853290f1a80bc2128993a3923bd3b96b68cc1acd03f",
                "sha256:d2662ec37ee049c0f8f2f9a378abeb7e570d9215c19eaf0a6d7189464195009f",
                "sha256:d9337ebba4d099698982e090b203e85670086c4b29cf1185b2e45cd353a8053e",
                "sha256:de5234bec74c47da668e1a1a21bcc9821af0cbb28b5153df78cd5abc744b29a2",
                "sha256:eda10ecd43daacc180a6fbe524992be76a877c3559e2b78016b4ada8fec10273",
                "sha256:fad06de012a78f277318d0c308dd3d7cc1f67167f3b2e1e2f7c6caf04c03440c"
            ],
            "index": "pypi",
            "version": "==4.3.2"
        },
        "pycodestyle": {
            "hashes": [
                "sha256:95a2219d12372f05704562a14ec30bc76b05a5b297b21a5dfe3f6fac3491ae56",
                "sha256:e40a936c9a450ad81df37f549d676d127b1b66000a6c500caa2b085bc0ca976c"
            ],
            "version": "==2.5.0"
        },
        "pyflakes": {
            "hashes": [
                "sha256:17dbeb2e3f4d772725c777fabc446d5634d1038f234e77343108ce445ea69ce0",
                "sha256:d976835886f8c5b31d47970ed689944a0262b5f3afa00a5a7b4dc81e5449f8a2"
            ],
            "version": "==2.1.1"
        },
        "rope": {
            "hashes": [
                "sha256:52423a7eebb5306a6d63bdc91a7c657db51ac9babfb8341c9a1440831ecf3203",
                "sha256:ae1fa2fd56f64f4cc9be46493ce54bed0dd12dee03980c61a4393d89d84029ad",
                "sha256:d2830142c2e046f5fc26a022fe680675b6f48f81c7fc1f03a950706e746e9dfe"
            ],
            "index": "pypi",
            "version": "==0.16.0"
        }
    }
}
